
Microsoft Visual Studio Solution File, Format Version 12.00
# Visual Studio Version 17
VisualStudioVersion = 17.4.33205.214
MinimumVisualStudioVersion = 10.0.40219.1
Project("{9A19103F-16F7-4668-BE54-9A1E7A4F7556}") = "TaxiApp", "TaxiApp\TaxiApp.csproj", "{A8910EB6-C803-4827-9C41-E2AF8918DD6B}"
EndProject
Project("{9A19103F-16F7-4668-BE54-9A1E7A4F7556}") = "TaxiApp.Domain", "TaxiApp.Domain\TaxiApp.Domain.csproj", "{C5112BCF-EEE2-45E0-A537-BE5B360F8BEE}"
EndProject
Project("{9A19103F-16F7-4668-BE54-9A1E7A4F7556}") = "TaxiApp.Persistence", "TaxiApp.Persistence\TaxiApp.Persistence.csproj", "{1F3D9A11-70E9-4F2F-AC94-04B65F829CF8}"
EndProject
Project("{9A19103F-16F7-4668-BE54-9A1E7A4F7556}") = "TaxiApp.Application", "TaxiApp.Application\TaxiApp.Application.csproj", "{71ADC9D7-C974-4988-8E91-577B80AF9537}"
	ProjectSection(ProjectDependencies) = postProject
		{1F3D9A11-70E9-4F2F-AC94-04B65F829CF8} = {1F3D9A11-70E9-4F2F-AC94-04B65F829CF8}
	EndProjectSection
EndProject
Project("{FAE04EC0-301F-11D3-BF4B-00C04F79EFBC}") = "UMLTaxiApp", "UMLTaxiApp\UMLTaxiApp.csproj", "{311E5D72-3B2F-42A9-A249-7F77622650E3}"
EndProject
Global
	GlobalSection(SolutionConfigurationPlatforms) = preSolution
		Debug|Any CPU = Debug|Any CPU
		Release|Any CPU = Release|Any CPU
	EndGlobalSection
	GlobalSection(ProjectConfigurationPlatforms) = postSolution
		{A8910EB6-C803-4827-9C41-E2AF8918DD6B}.Debug|Any CPU.ActiveCfg = Debug|Any CPU
		{A8910EB6-C803-4827-9C41-E2AF8918DD6B}.Debug|Any CPU.Build.0 = Debug|Any CPU
		{A8910EB6-C803-4827-9C41-E2AF8918DD6B}.Release|Any CPU.ActiveCfg = Release|Any CPU
		{A8910EB6-C803-4827-9C41-E2AF8918DD6B}.Release|Any CPU.Build.0 = Release|Any CPU
		{C5112BCF-EEE2-45E0-A537-BE5B360F8BEE}.Debug|Any CPU.ActiveCfg = Debug|Any CPU
		{C5112BCF-EEE2-45E0-A537-BE5B360F8BEE}.Debug|Any CPU.Build.0 = Debug|Any CPU
		{C5112BCF-EEE2-45E0-A537-BE5B360F8BEE}.Release|Any CPU.ActiveCfg = Release|Any CPU
		{C5112BCF-EEE2-45E0-A537-BE5B360F8BEE}.Release|Any CPU.Build.0 = Release|Any CPU
		{1F3D9A11-70E9-4F2F-AC94-04B65F829CF8}.Debug|Any CPU.ActiveCfg = Debug|Any CPU
		{1F3D9A11-70E9-4F2F-AC94-04B65F829CF8}.Debug|Any CPU.Build.0 = Debug|Any CPU
		{1F3D9A11-70E9-4F2F-AC94-04B65F829CF8}.Release|Any CPU.ActiveCfg = Release|Any CPU
		{1F3D9A11-70E9-4F2F-AC94-04B65F829CF8}.Release|Any CPU.Build.0 = Release|Any CPU
		{71ADC9D7-C974-4988-8E91-577B80AF9537}.Debug|Any CPU.ActiveCfg = Debug|Any CPU
		{71ADC9D7-C974-4988-8E91-577B80AF9537}.Debug|Any CPU.Build.0 = Debug|Any CPU
		{71ADC9D7-C974-4988-8E91-577B80AF9537}.Release|Any CPU.ActiveCfg = Release|Any CPU
		{71ADC9D7-C974-4988-8E91-577B80AF9537}.Release|Any CPU.Build.0 = Release|Any CPU
		{311E5D72-3B2F-42A9-A249-7F77622650E3}.Debug|Any CPU.ActiveCfg = Debug|Any CPU
		{311E5D72-3B2F-42A9-A249-7F77622650E3}.Debug|Any CPU.Build.0 = Debug|Any CPU
		{311E5D72-3B2F-42A9-A249-7F77622650E3}.Release|Any CPU.ActiveCfg = Release|Any CPU
		{311E5D72-3B2F-42A9-A249-7F77622650E3}.Release|Any CPU.Build.0 = Release|Any CPU
	EndGlobalSection
	GlobalSection(SolutionProperties) = preSolution
		HideSolutionNode = FALSE
	EndGlobalSection
	GlobalSection(ExtensibilityGlobals) = postSolution
		SolutionGuid = {A39A0CC7-6BA9-4697-A2FA-B516DBC91A88}
	EndGlobalSection
EndGlobal
