
Microsoft Visual Studio Solution File, Format Version 12.00
# Visual Studio Version 17
VisualStudioVersion = 17.4.33205.214
MinimumVisualStudioVersion = 10.0.40219.1
Project("{FAE04EC0-301F-11D3-BF4B-00C04F79EFBC}") = "TaxiApp", "TaxiApp\TaxiApp.csproj", "{A8910EB6-C803-4827-9C41-E2AF8918DD6B}"
EndProject
Global
	GlobalSection(SolutionConfigurationPlatforms) = preSolution
		Debug|Any CPU = Debug|Any CPU
		Release|Any CPU = Release|Any CPU
	EndGlobalSection
	GlobalSection(ProjectConfigurationPlatforms) = postSolution
		{A8910EB6-C803-4827-9C41-E2AF8918DD6B}.Debug|Any CPU.ActiveCfg = Debug|Any CPU
		{A8910EB6-C803-4827-9C41-E2AF8918DD6B}.Debug|Any CPU.Build.0 = Debug|Any CPU
		{A8910EB6-C803-4827-9C41-E2AF8918DD6B}.Release|Any CPU.ActiveCfg = Release|Any CPU
		{A8910EB6-C803-4827-9C41-E2AF8918DD6B}.Release|Any CPU.Build.0 = Release|Any CPU
	EndGlobalSection
	GlobalSection(SolutionProperties) = preSolution
		HideSolutionNode = FALSE
	EndGlobalSection
	GlobalSection(ExtensibilityGlobals) = postSolution
		SolutionGuid = {A39A0CC7-6BA9-4697-A2FA-B516DBC91A88}
	EndGlobalSection
EndGlobal
